
Microsoft Visual Studio Solution File, Format Version 12.00
# Visual Studio Version 17
VisualStudioVersion = 17.2.32602.215
MinimumVisualStudioVersion = 10.0.40219.1
Project("{FAE04EC0-301F-11D3-BF4B-00C04F79EFBC}") = "HW-4", "Nail_Butyakov_HW-4\HW-4.csproj", "{ACE1D632-B6F4-4DB4-BABC-2895E851EF73}"
EndProject
Project("{FAE04EC0-301F-11D3-BF4B-00C04F79EFBC}") = "TLab-5", "TLab-5\TLab-5.csproj", "{A868507B-42C3-42B4-836F-44D0275AF536}"
EndProject
Global
	GlobalSection(SolutionConfigurationPlatforms) = preSolution
		Debug|Any CPU = Debug|Any CPU
		Release|Any CPU = Release|Any CPU
	EndGlobalSection
	GlobalSection(ProjectConfigurationPlatforms) = postSolution
		{ACE1D632-B6F4-4DB4-BABC-2895E851EF73}.Debug|Any CPU.ActiveCfg = Debug|Any CPU
		{ACE1D632-B6F4-4DB4-BABC-2895E851EF73}.Debug|Any CPU.Build.0 = Debug|Any CPU
		{ACE1D632-B6F4-4DB4-BABC-2895E851EF73}.Release|Any CPU.ActiveCfg = Release|Any CPU
		{ACE1D632-B6F4-4DB4-BABC-2895E851EF73}.Release|Any CPU.Build.0 = Release|Any CPU
		{A868507B-42C3-42B4-836F-44D0275AF536}.Debug|Any CPU.ActiveCfg = Debug|Any CPU
		{A868507B-42C3-42B4-836F-44D0275AF536}.Debug|Any CPU.Build.0 = Debug|Any CPU
		{A868507B-42C3-42B4-836F-44D0275AF536}.Release|Any CPU.ActiveCfg = Release|Any CPU
		{A868507B-42C3-42B4-836F-44D0275AF536}.Release|Any CPU.Build.0 = Release|Any CPU
	EndGlobalSection
	GlobalSection(SolutionProperties) = preSolution
		HideSolutionNode = FALSE
	EndGlobalSection
	GlobalSection(ExtensibilityGlobals) = postSolution
		SolutionGuid = {6EE82117-D49F-4FFC-981C-FD021A142105}
	EndGlobalSection
EndGlobal
